// !$*UTF8*$!
{
	archiveVersion = 1;
	classes = {
	};
	objectVersion = 50;
	objects = {

/* Begin PBXBuildFile section */
		681FCC32251E175B006D5C4E /* README.md in Resources */ = {isa = PBXBuildFile; fileRef = 681FCC31251E175B006D5C4E /* README.md */; };
		688AA34424D606D200AA9CAB /* KeyboardResponder.swift in Sources */ = {isa = PBXBuildFile; fileRef = 688AA34324D606D200AA9CAB /* KeyboardResponder.swift */; };
		68F1398E24A4CD39000EDDEF /* AppDelegate.swift in Sources */ = {isa = PBXBuildFile; fileRef = 68F1398D24A4CD39000EDDEF /* AppDelegate.swift */; };
		68F1399024A4CD39000EDDEF /* SceneDelegate.swift in Sources */ = {isa = PBXBuildFile; fileRef = 68F1398F24A4CD39000EDDEF /* SceneDelegate.swift */; };
		68F1399224A4CD39000EDDEF /* ContentView.swift in Sources */ = {isa = PBXBuildFile; fileRef = 68F1399124A4CD39000EDDEF /* ContentView.swift */; };
		68F1399424A4CD3B000EDDEF /* Assets.xcassets in Resources */ = {isa = PBXBuildFile; fileRef = 68F1399324A4CD3B000EDDEF /* Assets.xcassets */; };
		68F1399724A4CD3B000EDDEF /* Preview Assets.xcassets in Resources */ = {isa = PBXBuildFile; fileRef = 68F1399624A4CD3B000EDDEF /* Preview Assets.xcassets */; };
		68F1399A24A4CD3C000EDDEF /* LaunchScreen.storyboard in Resources */ = {isa = PBXBuildFile; fileRef = 68F1399824A4CD3C000EDDEF /* LaunchScreen.storyboard */; };
/* End PBXBuildFile section */

/* Begin PBXFileReference section */
		681FCC31251E175B006D5C4E /* README.md */ = {isa = PBXFileReference; fileEncoding = 4; lastKnownFileType = net.daringfireball.markdown; path = README.md; sourceTree = "<group>"; };
		688AA34324D606D200AA9CAB /* KeyboardResponder.swift */ = {isa = PBXFileReference; lastKnownFileType = sourcecode.swift; path = KeyboardResponder.swift; sourceTree = "<group>"; };
		68F1398A24A4CD39000EDDEF /* SimpleQrCode.app */ = {isa = PBXFileReference; explicitFileType = wrapper.application; includeInIndex = 0; path = SimpleQrCode.app; sourceTree = BUILT_PRODUCTS_DIR; };
		68F1398D24A4CD39000EDDEF /* AppDelegate.swift */ = {isa = PBXFileReference; lastKnownFileType = sourcecode.swift; path = AppDelegate.swift; sourceTree = "<group>"; };
		68F1398F24A4CD39000EDDEF /* SceneDelegate.swift */ = {isa = PBXFileReference; lastKnownFileType = sourcecode.swift; path = SceneDelegate.swift; sourceTree = "<group>"; };
		68F1399124A4CD39000EDDEF /* ContentView.swift */ = {isa = PBXFileReference; lastKnownFileType = sourcecode.swift; path = ContentView.swift; sourceTree = "<group>"; };
		68F1399324A4CD3B000EDDEF /* Assets.xcassets */ = {isa = PBXFileReference; lastKnownFileType = folder.assetcatalog; path = Assets.xcassets; sourceTree = "<group>"; };
		68F1399624A4CD3B000EDDEF /* Preview Assets.xcassets */ = {isa = PBXFileReference; lastKnownFileType = folder.assetcatalog; path = "Preview Assets.xcassets"; sourceTree = "<group>"; };
		68F1399924A4CD3C000EDDEF /* Base */ = {isa = PBXFileReference; lastKnownFileType = file.storyboard; name = Base; path = Base.lproj/LaunchScreen.storyboard; sourceTree = "<group>"; };
		68F1399B24A4CD3C000EDDEF /* Info.plist */ = {isa = PBXFileReference; lastKnownFileType = text.plist.xml; path = Info.plist; sourceTree = "<group>"; };
		68F139A124A4D7CC000EDDEF /* SimpleQrCode.entitlements */ = {isa = PBXFileReference; lastKnownFileType = text.plist.entitlements; path = SimpleQrCode.entitlements; sourceTree = "<group>"; };
/* End PBXFileReference section */

/* Begin PBXFrameworksBuildPhase section */
		68F1398724A4CD39000EDDEF /* Frameworks */ = {
			isa = PBXFrameworksBuildPhase;
			buildActionMask = 2147483647;
			files = (
			);
			runOnlyForDeploymentPostprocessing = 0;
		};
/* End PBXFrameworksBuildPhase section */

/* Begin PBXGroup section */
		688AA34524D60A5F00AA9CAB /* Sources */ = {
			isa = PBXGroup;
			children = (
				68F1398D24A4CD39000EDDEF /* AppDelegate.swift */,
				68F1398F24A4CD39000EDDEF /* SceneDelegate.swift */,
				68F1399124A4CD39000EDDEF /* ContentView.swift */,
				688AA34324D606D200AA9CAB /* KeyboardResponder.swift */,
			);
			path = Sources;
			sourceTree = "<group>";
		};
		68F1398124A4CD39000EDDEF = {
			isa = PBXGroup;
			children = (
				681FCC31251E175B006D5C4E /* README.md */,
				68F1398C24A4CD39000EDDEF /* SimpleQrCode */,
				68F1398B24A4CD39000EDDEF /* Products */,
			);
			sourceTree = "<group>";
		};
		68F1398B24A4CD39000EDDEF /* Products */ = {
			isa = PBXGroup;
			children = (
				68F1398A24A4CD39000EDDEF /* SimpleQrCode.app */,
			);
			name = Products;
			sourceTree = "<group>";
		};
		68F1398C24A4CD39000EDDEF /* SimpleQrCode */ = {
			isa = PBXGroup;
			children = (
				68F139A124A4D7CC000EDDEF /* SimpleQrCode.entitlements */,
				688AA34524D60A5F00AA9CAB /* Sources */,
				68F1399324A4CD3B000EDDEF /* Assets.xcassets */,
				68F1399824A4CD3C000EDDEF /* LaunchScreen.storyboard */,
				68F1399B24A4CD3C000EDDEF /* Info.plist */,
				68F1399524A4CD3B000EDDEF /* Preview Content */,
			);
			path = SimpleQrCode;
			sourceTree = "<group>";
		};
		68F1399524A4CD3B000EDDEF /* Preview Content */ = {
			isa = PBXGroup;
			children = (
				68F1399624A4CD3B000EDDEF /* Preview Assets.xcassets */,
			);
			path = "Preview Content";
			sourceTree = "<group>";
		};
/* End PBXGroup section */

/* Begin PBXNativeTarget section */
		68F1398924A4CD39000EDDEF /* SimpleQrCode */ = {
			isa = PBXNativeTarget;
			buildConfigurationList = 68F1399E24A4CD3C000EDDEF /* Build configuration list for PBXNativeTarget "SimpleQrCode" */;
			buildPhases = (
				68F1398624A4CD39000EDDEF /* Sources */,
				68F1398724A4CD39000EDDEF /* Frameworks */,
				68F1398824A4CD39000EDDEF /* Resources */,
			);
			buildRules = (
			);
			dependencies = (
			);
			name = SimpleQrCode;
			productName = SimpleQrCode;
			productReference = 68F1398A24A4CD39000EDDEF /* SimpleQrCode.app */;
			productType = "com.apple.product-type.application";
		};
/* End PBXNativeTarget section */

/* Begin PBXProject section */
		68F1398224A4CD39000EDDEF /* Project object */ = {
			isa = PBXProject;
			attributes = {
				LastSwiftUpdateCheck = 1150;
				LastUpgradeCheck = 1200;
				ORGANIZATIONNAME = "Martin Albrecht";
				TargetAttributes = {
					68F1398924A4CD39000EDDEF = {
						CreatedOnToolsVersion = 11.5;
					};
				};
			};
			buildConfigurationList = 68F1398524A4CD39000EDDEF /* Build configuration list for PBXProject "SimpleQrCode" */;
			compatibilityVersion = "Xcode 9.3";
			developmentRegion = en;
			hasScannedForEncodings = 0;
			knownRegions = (
				en,
				Base,
			);
			mainGroup = 68F1398124A4CD39000EDDEF;
			productRefGroup = 68F1398B24A4CD39000EDDEF /* Products */;
			projectDirPath = "";
			projectRoot = "";
			targets = (
				68F1398924A4CD39000EDDEF /* SimpleQrCode */,
			);
		};
/* End PBXProject section */

/* Begin PBXResourcesBuildPhase section */
		68F1398824A4CD39000EDDEF /* Resources */ = {
			isa = PBXResourcesBuildPhase;
			buildActionMask = 2147483647;
			files = (
				68F1399A24A4CD3C000EDDEF /* LaunchScreen.storyboard in Resources */,
				68F1399724A4CD3B000EDDEF /* Preview Assets.xcassets in Resources */,
				681FCC32251E175B006D5C4E /* README.md in Resources */,
				68F1399424A4CD3B000EDDEF /* Assets.xcassets in Resources */,
			);
			runOnlyForDeploymentPostprocessing = 0;
		};
/* End PBXResourcesBuildPhase section */

/* Begin PBXSourcesBuildPhase section */
		68F1398624A4CD39000EDDEF /* Sources */ = {
			isa = PBXSourcesBuildPhase;
			buildActionMask = 2147483647;
			files = (
				68F1398E24A4CD39000EDDEF /* AppDelegate.swift in Sources */,
				688AA34424D606D200AA9CAB /* KeyboardResponder.swift in Sources */,
				68F1399024A4CD39000EDDEF /* SceneDelegate.swift in Sources */,
				68F1399224A4CD39000EDDEF /* ContentView.swift in Sources */,
			);
			runOnlyForDeploymentPostprocessing = 0;
		};
/* End PBXSourcesBuildPhase section */

/* Begin PBXVariantGroup section */
		68F1399824A4CD3C000EDDEF /* LaunchScreen.storyboard */ = {
			isa = PBXVariantGroup;
			children = (
				68F1399924A4CD3C000EDDEF /* Base */,
			);
			name = LaunchScreen.storyboard;
			sourceTree = "<group>";
		};
/* End PBXVariantGroup section */

/* Begin XCBuildConfiguration section */
		68F1399C24A4CD3C000EDDEF /* Debug */ = {
			isa = XCBuildConfiguration;
			buildSettings = {
				ALWAYS_SEARCH_USER_PATHS = NO;
				CLANG_ANALYZER_NONNULL = YES;
				CLANG_ANALYZER_NUMBER_OBJECT_CONVERSION = YES_AGGRESSIVE;
				CLANG_CXX_LANGUAGE_STANDARD = "gnu++14";
				CLANG_CXX_LIBRARY = "libc++";
				CLANG_ENABLE_MODULES = YES;
				CLANG_ENABLE_OBJC_ARC = YES;
				CLANG_ENABLE_OBJC_WEAK = YES;
				CLANG_WARN_BLOCK_CAPTURE_AUTORELEASING = YES;
				CLANG_WARN_BOOL_CONVERSION = YES;
				CLANG_WARN_COMMA = YES;
				CLANG_WARN_CONSTANT_CONVERSION = YES;
				CLANG_WARN_DEPRECATED_OBJC_IMPLEMENTATIONS = YES;
				CLANG_WARN_DIRECT_OBJC_ISA_USAGE = YES_ERROR;
				CLANG_WARN_DOCUMENTATION_COMMENTS = YES;
				CLANG_WARN_EMPTY_BODY = YES;
				CLANG_WARN_ENUM_CONVERSION = YES;
				CLANG_WARN_INFINITE_RECURSION = YES;
				CLANG_WARN_INT_CONVERSION = YES;
				CLANG_WARN_NON_LITERAL_NULL_CONVERSION = YES;
				CLANG_WARN_OBJC_IMPLICIT_RETAIN_SELF = YES;
				CLANG_WARN_OBJC_LITERAL_CONVERSION = YES;
				CLANG_WARN_OBJC_ROOT_CLASS = YES_ERROR;
				CLANG_WARN_QUOTED_INCLUDE_IN_FRAMEWORK_HEADER = YES;
				CLANG_WARN_RANGE_LOOP_ANALYSIS = YES;
				CLANG_WARN_STRICT_PROTOTYPES = YES;
				CLANG_WARN_SUSPICIOUS_MOVE = YES;
				CLANG_WARN_UNGUARDED_AVAILABILITY = YES_AGGRESSIVE;
				CLANG_WARN_UNREACHABLE_CODE = YES;
				CLANG_WARN__DUPLICATE_METHOD_MATCH = YES;
				COPY_PHASE_STRIP = NO;
				DEBUG_INFORMATION_FORMAT = dwarf;
				ENABLE_STRICT_OBJC_MSGSEND = YES;
				ENABLE_TESTABILITY = YES;
				GCC_C_LANGUAGE_STANDARD = gnu11;
				GCC_DYNAMIC_NO_PIC = NO;
				GCC_NO_COMMON_BLOCKS = YES;
				GCC_OPTIMIZATION_LEVEL = 0;
				GCC_PREPROCESSOR_DEFINITIONS = (
					"DEBUG=1",
					"$(inherited)",
				);
				GCC_WARN_64_TO_32_BIT_CONVERSION = YES;
				GCC_WARN_ABOUT_RETURN_TYPE = YES_ERROR;
				GCC_WARN_UNDECLARED_SELECTOR = YES;
				GCC_WARN_UNINITIALIZED_AUTOS = YES_AGGRESSIVE;
				GCC_WARN_UNUSED_FUNCTION = YES;
				GCC_WARN_UNUSED_VARIABLE = YES;
				IPHONEOS_DEPLOYMENT_TARGET = 13.0;
				MTL_ENABLE_DEBUG_INFO = INCLUDE_SOURCE;
				MTL_FAST_MATH = YES;
				ONLY_ACTIVE_ARCH = YES;
				SDKROOT = iphoneos;
				SWIFT_ACTIVE_COMPILATION_CONDITIONS = DEBUG;
				SWIFT_OPTIMIZATION_LEVEL = "-Onone";
			};
			name = Debug;
		};
		68F1399D24A4CD3C000EDDEF /* Release */ = {
			isa = XCBuildConfiguration;
			buildSettings = {
				ALWAYS_SEARCH_USER_PATHS = NO;
				CLANG_ANALYZER_NONNULL = YES;
				CLANG_ANALYZER_NUMBER_OBJECT_CONVERSION = YES_AGGRESSIVE;
				CLANG_CXX_LANGUAGE_STANDARD = "gnu++14";
				CLANG_CXX_LIBRARY = "libc++";
				CLANG_ENABLE_MODULES = YES;
				CLANG_ENABLE_OBJC_ARC = YES;
				CLANG_ENABLE_OBJC_WEAK = YES;
				CLANG_WARN_BLOCK_CAPTURE_AUTORELEASING = YES;
				CLANG_WARN_BOOL_CONVERSION = YES;
				CLANG_WARN_COMMA = YES;
				CLANG_WARN_CONSTANT_CONVERSION = YES;
				CLANG_WARN_DEPRECATED_OBJC_IMPLEMENTATIONS = YES;
				CLANG_WARN_DIRECT_OBJC_ISA_USAGE = YES_ERROR;
				CLANG_WARN_DOCUMENTATION_COMMENTS = YES;
				CLANG_WARN_EMPTY_BODY = YES;
				CLANG_WARN_ENUM_CONVERSION = YES;
				CLANG_WARN_INFINITE_RECURSION = YES;
				CLANG_WARN_INT_CONVERSION = YES;
				CLANG_WARN_NON_LITERAL_NULL_CONVERSION = YES;
				CLANG_WARN_OBJC_IMPLICIT_RETAIN_SELF = YES;
				CLANG_WARN_OBJC_LITERAL_CONVERSION = YES;
				CLANG_WARN_OBJC_ROOT_CLASS = YES_ERROR;
				CLANG_WARN_QUOTED_INCLUDE_IN_FRAMEWORK_HEADER = YES;
				CLANG_WARN_RANGE_LOOP_ANALYSIS = YES;
				CLANG_WARN_STRICT_PROTOTYPES = YES;
				CLANG_WARN_SUSPICIOUS_MOVE = YES;
				CLANG_WARN_UNGUARDED_AVAILABILITY = YES_AGGRESSIVE;
				CLANG_WARN_UNREACHABLE_CODE = YES;
				CLANG_WARN__DUPLICATE_METHOD_MATCH = YES;
				COPY_PHASE_STRIP = NO;
				DEBUG_INFORMATION_FORMAT = "dwarf-with-dsym";
				ENABLE_NS_ASSERTIONS = NO;
				ENABLE_STRICT_OBJC_MSGSEND = YES;
				GCC_C_LANGUAGE_STANDARD = gnu11;
				GCC_NO_COMMON_BLOCKS = YES;
				GCC_WARN_64_TO_32_BIT_CONVERSION = YES;
				GCC_WARN_ABOUT_RETURN_TYPE = YES_ERROR;
				GCC_WARN_UNDECLARED_SELECTOR = YES;
				GCC_WARN_UNINITIALIZED_AUTOS = YES_AGGRESSIVE;
				GCC_WARN_UNUSED_FUNCTION = YES;
				GCC_WARN_UNUSED_VARIABLE = YES;
				IPHONEOS_DEPLOYMENT_TARGET = 13.0;
				MTL_ENABLE_DEBUG_INFO = NO;
				MTL_FAST_MATH = YES;
				SDKROOT = iphoneos;
				SWIFT_COMPILATION_MODE = wholemodule;
				SWIFT_OPTIMIZATION_LEVEL = "-O";
				VALIDATE_PRODUCT = YES;
			};
			name = Release;
		};
		68F1399F24A4CD3C000EDDEF /* Debug */ = {
			isa = XCBuildConfiguration;
			buildSettings = {
				ASSETCATALOG_COMPILER_APPICON_NAME = AppIcon;
				CODE_SIGN_ENTITLEMENTS = SimpleQrCode/SimpleQrCode.entitlements;
				CODE_SIGN_STYLE = Automatic;
				DEVELOPMENT_ASSET_PATHS = "\"SimpleQrCode/Preview Content\"";
				DEVELOPMENT_TEAM = 4TM9NALPC3;
				ENABLE_PREVIEWS = YES;
				INFOPLIST_FILE = SimpleQrCode/Info.plist;
				LD_RUNPATH_SEARCH_PATHS = (
					"$(inherited)",
					"@executable_path/Frameworks",
				);
				PRODUCT_BUNDLE_IDENTIFIER = com.seriousmonkey.SimpleQrCode;
				PRODUCT_NAME = "$(TARGET_NAME)";
				SUPPORTS_MACCATALYST = YES;
				SWIFT_VERSION = 5.0;
				TARGETED_DEVICE_FAMILY = "1,2";
			};
			name = Debug;
		};
		68F139A024A4CD3C000EDDEF /* Release */ = {
			isa = XCBuildConfiguration;
			buildSettings = {
				ASSETCATALOG_COMPILER_APPICON_NAME = AppIcon;
				CODE_SIGN_ENTITLEMENTS = SimpleQrCode/SimpleQrCode.entitlements;
				CODE_SIGN_STYLE = Automatic;
				DEVELOPMENT_ASSET_PATHS = "\"SimpleQrCode/Preview Content\"";
				DEVELOPMENT_TEAM = 4TM9NALPC3;
				ENABLE_PREVIEWS = YES;
				INFOPLIST_FILE = SimpleQrCode/Info.plist;
				LD_RUNPATH_SEARCH_PATHS = (
					"$(inherited)",
					"@executable_path/Frameworks",
				);
				PRODUCT_BUNDLE_IDENTIFIER = com.seriousmonkey.SimpleQrCode;
				PRODUCT_NAME = "$(TARGET_NAME)";
				SUPPORTS_MACCATALYST = YES;
				SWIFT_VERSION = 5.0;
				TARGETED_DEVICE_FAMILY = "1,2";
			};
			name = Release;
		};
/* End XCBuildConfiguration section */

/* Begin XCConfigurationList section */
		68F1398524A4CD39000EDDEF /* Build configuration list for PBXProject "SimpleQrCode" */ = {
			isa = XCConfigurationList;
			buildConfigurations = (
				68F1399C24A4CD3C000EDDEF /* Debug */,
				68F1399D24A4CD3C000EDDEF /* Release */,
			);
			defaultConfigurationIsVisible = 0;
			defaultConfigurationName = Release;
		};
		68F1399E24A4CD3C000EDDEF /* Build configuration list for PBXNativeTarget "SimpleQrCode" */ = {
			isa = XCConfigurationList;
			buildConfigurations = (
				68F1399F24A4CD3C000EDDEF /* Debug */,
				68F139A024A4CD3C000EDDEF /* Release */,
			);
			defaultConfigurationIsVisible = 0;
			defaultConfigurationName = Release;
		};
/* End XCConfigurationList section */
	};
	rootObject = 68F1398224A4CD39000EDDEF /* Project object */;
}
